
Microsoft Visual Studio Solution File, Format Version 12.00
# Visual Studio Version 17
VisualStudioVersion = 17.5.33414.496
MinimumVisualStudioVersion = 10.0.40219.1
Project("{9A19103F-16F7-4668-BE54-9A1E7A4F7556}") = "Data Locker", "Data Locker\Data Locker.csproj", "{D5CE2160-4688-45E7-B39B-B782F017A748}"
EndProject
Project("{2150E333-8FDC-42A3-9474-1A3956D46DE8}") = "Solution Items", "Solution Items", "{0D84CEE3-20E4-4DD3-98D5-1DA97D7A3C97}"
	ProjectSection(SolutionItems) = preProject
		.editorconfig = .editorconfig
	EndProjectSection
EndProject
Global
	GlobalSection(SolutionConfigurationPlatforms) = preSolution
		Debug|Any CPU = Debug|Any CPU
		Release|Any CPU = Release|Any CPU
	EndGlobalSection
	GlobalSection(ProjectConfigurationPlatforms) = postSolution
		{D5CE2160-4688-45E7-B39B-B782F017A748}.Debug|Any CPU.ActiveCfg = Debug|Any CPU
		{D5CE2160-4688-45E7-B39B-B782F017A748}.Debug|Any CPU.Build.0 = Debug|Any CPU
		{D5CE2160-4688-45E7-B39B-B782F017A748}.Release|Any CPU.ActiveCfg = Release|Any CPU
		{D5CE2160-4688-45E7-B39B-B782F017A748}.Release|Any CPU.Build.0 = Release|Any CPU
	EndGlobalSection
	GlobalSection(SolutionProperties) = preSolution
		HideSolutionNode = FALSE
	EndGlobalSection
	GlobalSection(ExtensibilityGlobals) = postSolution
		SolutionGuid = {1B3E7850-64A9-4A7E-9741-E2A601D1F46D}
	EndGlobalSection
EndGlobal
